// !$*UTF8*$!
{
	archiveVersion = 1;
	classes = {
	};
	objectVersion = 77;
	objects = {

/* Begin PBXBuildFile section */
		007E64A52DA7D3CB607725E5 /* CBTUsingAppView.swift in Sources */ = {isa = PBXBuildFile; fileRef = DDB12D0BE5CDAB194B91025F /* CBTUsingAppView.swift */; };
		1D1311E7AFA7FB77C4EF09EC /* CBTPatternsView.swift in Sources */ = {isa = PBXBuildFile; fileRef = E09BBA00442C253A7670C49F /* CBTPatternsView.swift */; };
		2F68B264F7292636821F21B0 /* Exercises.json in Resources */ = {isa = PBXBuildFile; fileRef = 00F49E7549B6795A52FA6D52 /* Exercises.json */; };
		30E3E3A686691A4C69CAEBD8 /* JournalEntry.swift in Sources */ = {isa = PBXBuildFile; fileRef = 7F769CE7DCC5F5AD641C153B /* JournalEntry.swift */; };
		3291C1B08540E7E2BD48BBDF /* DistortionExampleCardView.swift in Sources */ = {isa = PBXBuildFile; fileRef = 1D41DD8111E2DA9E02A329A7 /* DistortionExampleCardView.swift */; };
		34D6510BAC59C6C2FF75F802 /* ExerciseCategoryView.swift in Sources */ = {isa = PBXBuildFile; fileRef = F1627DF6D2B5D7D4A4C30862 /* ExerciseCategoryView.swift */; };
		37138EECB153F1CB2AC9B8D7 /* CognitiveDistortions.json in Resources */ = {isa = PBXBuildFile; fileRef = 222FA855280230292348BA9D /* CognitiveDistortions.json */; };
		439FFA773C69392344FB1985 /* ThemeManager.swift in Sources */ = {isa = PBXBuildFile; fileRef = 10F438FB03B7BC72D6CD963B /* ThemeManager.swift */; };
		4CE1D1C4C26775BBAA5ACD06 /* CBTFlexibleThinkingView.swift in Sources */ = {isa = PBXBuildFile; fileRef = 6DF0DA74540D76C256A91E75 /* CBTFlexibleThinkingView.swift */; };
		5E62D247F038560112DC774E /* AppTheme.swift in Sources */ = {isa = PBXBuildFile; fileRef = 057FEC65B18A263510493031 /* AppTheme.swift */; };
		63B0FDBDEF2E0107D1353581 /* CBTHowItWorksView.swift in Sources */ = {isa = PBXBuildFile; fileRef = 6C62D7B98E9F52CCB742FC7A /* CBTHowItWorksView.swift */; };
		6422C2B6D522F241DF1A0EB8 /* CBTResearchView.swift in Sources */ = {isa = PBXBuildFile; fileRef = 08F60EA20CA9A593F305E726 /* CBTResearchView.swift */; };
		69172317DFD0CA0BDF6D4F97 /* CognitiveDistortionsLibrary.swift in Sources */ = {isa = PBXBuildFile; fileRef = B79C3342DB4D37DAB1CF664D /* CognitiveDistortionsLibrary.swift */; };
		7A0B598DF59B29049CF72E5E /* CBTSkillsView.swift in Sources */ = {isa = PBXBuildFile; fileRef = AF0FFB13482B34B4F6D57AA6 /* CBTSkillsView.swift */; };
		81F5B6B9677292645E672F69 /* TimedSessionManager.swift in Sources */ = {isa = PBXBuildFile; fileRef = 96783EC08D340E69E5FD8356 /* TimedSessionManager.swift */; };
		8741B2139D8D691F167A3048 /* CBTFurtherReadingView.swift in Sources */ = {isa = PBXBuildFile; fileRef = DFEBA9AC38A6DB8BB52FAAA2 /* CBTFurtherReadingView.swift */; };
		8C49E6C3F7DB95F2CC0A3C22 /* CBTTriangleView.swift in Sources */ = {isa = PBXBuildFile; fileRef = CD1D5CCD5A201F9626D9F001 /* CBTTriangleView.swift */; };
		9074BB61A519653041AB6BE0 /* ExerciseLoader.swift in Sources */ = {isa = PBXBuildFile; fileRef = 406969468C7CD36175E0769B /* ExerciseLoader.swift */; };
		929FD8EC0C9D839400464EDD /* SaveSessionView.swift in Sources */ = {isa = PBXBuildFile; fileRef = 5A3640DABF47ACD7204B6E1C /* SaveSessionView.swift */; };
		9A4A6CB31E40DFEEDC08A250 /* Color+Extensions.swift in Sources */ = {isa = PBXBuildFile; fileRef = 11B32A76A78B980E08161AFD /* Color+Extensions.swift */; };
		9BB71A7FD613C3C752212A00 /* ExercisesView.swift in Sources */ = {isa = PBXBuildFile; fileRef = DA7BAAECF66D2C5F5399C1F0 /* ExercisesView.swift */; };
		9E7FCBBE6337ED8D579B4E30 /* ExerciseDetailView.swift in Sources */ = {isa = PBXBuildFile; fileRef = DE10F67FC739093236172516 /* ExerciseDetailView.swift */; };
		AD4CCB2DC22E8BB3786A4CA5 /* Exercise.swift in Sources */ = {isa = PBXBuildFile; fileRef = 41C6873C6A6F717126C99CCB /* Exercise.swift */; };
		B36C1E6E7170743BB0E41A28 /* CBTEducationMenuView.swift in Sources */ = {isa = PBXBuildFile; fileRef = D81099BC20784051632ABCD5 /* CBTEducationMenuView.swift */; };
		B3FF0B858FC6407FC7646AEF /* DistortionExamplesView.swift in Sources */ = {isa = PBXBuildFile; fileRef = 096D7D3AFE3744DCC008BC64 /* DistortionExamplesView.swift */; };
		B4822D6F1287115793C90E26 /* CognitiveDistortionExample.swift in Sources */ = {isa = PBXBuildFile; fileRef = 80E9BE42FDDA6B26379C30C7 /* CognitiveDistortionExample.swift */; };
		B7AEB4A16410BCCBEEF04078 /* CBTCognitiveDistortionsView.swift in Sources */ = {isa = PBXBuildFile; fileRef = 339CE04FF2EE2D22EDF03881 /* CBTCognitiveDistortionsView.swift */; };
		BA58BF3DA83A6D55E330F932 /* CBTEducationIntroView.swift in Sources */ = {isa = PBXBuildFile; fileRef = 981AE1920ADF97B45092B1FE /* CBTEducationIntroView.swift */; };
		BF72952CD3E29FEB588C3360 /* TimedSessionSheet.swift in Sources */ = {isa = PBXBuildFile; fileRef = 46174A2410EBE5205677063D /* TimedSessionSheet.swift */; };
		C202C213FFFD5902BE27EE09 /* JournalEntryDetailView.swift in Sources */ = {isa = PBXBuildFile; fileRef = 84494DAB22A331ACE16537B6 /* JournalEntryDetailView.swift */; };
		D3668EE3B32FC79515189C51 /* ThemeBackgrounds.swift in Sources */ = {isa = PBXBuildFile; fileRef = BDA4ED997B3D1A5FA46287FF /* ThemeBackgrounds.swift */; };
		E7F38248BFEFFD8E84BE012A /* SessionSummary.swift in Sources */ = {isa = PBXBuildFile; fileRef = B8100DA3282A4D0C06646B6E /* SessionSummary.swift */; };
		EB20AAC2CB3F0163BE31159C /* Exercises.json in Resources */ = {isa = PBXBuildFile; fileRef = 62D79DAF0421FDCC6CD4EC45 /* Exercises.json */; };
/* End PBXBuildFile section */

/* Begin PBXContainerItemProxy section */
		E2E55C5B2F58B8560055850B /* PBXContainerItemProxy */ = {
			isa = PBXContainerItemProxy;
			containerPortal = E2E55C412F58B8550055850B /* Project object */;
			proxyType = 1;
			remoteGlobalIDString = E2E55C482F58B8550055850B;
			remoteInfo = CBT;
		};
		E2E55C652F58B8560055850B /* PBXContainerItemProxy */ = {
			isa = PBXContainerItemProxy;
			containerPortal = E2E55C412F58B8550055850B /* Project object */;
			proxyType = 1;
			remoteGlobalIDString = E2E55C482F58B8550055850B;
			remoteInfo = CBT;
		};
/* End PBXContainerItemProxy section */

/* Begin PBXFileReference section */
		00F49E7549B6795A52FA6D52 /* Exercises.json */ = {isa = PBXFileReference; includeInIndex = 1; lastKnownFileType = text.json; name = Exercises.json; path = CBT/Resources/Exercises.json; sourceTree = "<group>"; };
		036A393EF4B16FD2EAC76FB4 /* ExerciseLoader.swift */ = {isa = PBXFileReference; includeInIndex = 1; lastKnownFileType = sourcecode.swift; name = ExerciseLoader.swift; path = CBT/Services/ExerciseLoader.swift; sourceTree = "<group>"; };
		057FEC65B18A263510493031 /* AppTheme.swift */ = {isa = PBXFileReference; includeInIndex = 1; lastKnownFileType = sourcecode.swift; name = AppTheme.swift; path = CBT/Utilities/AppTheme.swift; sourceTree = "<group>"; };
		08F60EA20CA9A593F305E726 /* CBTResearchView.swift */ = {isa = PBXFileReference; includeInIndex = 1; lastKnownFileType = sourcecode.swift; name = CBTResearchView.swift; path = CBT/Views/Education/CBTResearchView.swift; sourceTree = "<group>"; };
		096D7D3AFE3744DCC008BC64 /* DistortionExamplesView.swift */ = {isa = PBXFileReference; includeInIndex = 1; lastKnownFileType = sourcecode.swift; name = DistortionExamplesView.swift; path = ../CBT/Views/Exercises/Distortions/DistortionExamplesView.swift; sourceTree = "<group>"; };
		10F438FB03B7BC72D6CD963B /* ThemeManager.swift */ = {isa = PBXFileReference; includeInIndex = 1; lastKnownFileType = sourcecode.swift; name = ThemeManager.swift; path = CBT/Utilities/ThemeManager.swift; sourceTree = "<group>"; };
		11B32A76A78B980E08161AFD /* Color+Extensions.swift */ = {isa = PBXFileReference; includeInIndex = 1; lastKnownFileType = sourcecode.swift; name = "Color+Extensions.swift"; path = "CBT/Utilities/Color+Extensions.swift"; sourceTree = "<group>"; };
		1D41DD8111E2DA9E02A329A7 /* DistortionExampleCardView.swift */ = {isa = PBXFileReference; includeInIndex = 1; lastKnownFileType = sourcecode.swift; name = DistortionExampleCardView.swift; path = ../CBT/Views/Exercises/Distortions/DistortionExampleCardView.swift; sourceTree = "<group>"; };
		222FA855280230292348BA9D /* CognitiveDistortions.json */ = {isa = PBXFileReference; includeInIndex = 1; lastKnownFileType = text.json; name = CognitiveDistortions.json; path = CBT/Resources/CognitiveDistortions.json; sourceTree = "<group>"; };
		2FE75C21E59658D0712C728D /* Exercises.json */ = {isa = PBXFileReference; includeInIndex = 1; lastKnownFileType = text.json; name = Exercises.json; path = CBT/Resources/Exercises.json; sourceTree = "<group>"; };
		339CE04FF2EE2D22EDF03881 /* CBTCognitiveDistortionsView.swift */ = {isa = PBXFileReference; includeInIndex = 1; lastKnownFileType = sourcecode.swift; name = CBTCognitiveDistortionsView.swift; path = CBT/Views/Education/CBTCognitiveDistortionsView.swift; sourceTree = "<group>"; };
		406969468C7CD36175E0769B /* ExerciseLoader.swift */ = {isa = PBXFileReference; includeInIndex = 1; lastKnownFileType = sourcecode.swift; name = ExerciseLoader.swift; path = CBT/Services/ExerciseLoader.swift; sourceTree = "<group>"; };
		41C6873C6A6F717126C99CCB /* Exercise.swift */ = {isa = PBXFileReference; includeInIndex = 1; lastKnownFileType = sourcecode.swift; name = Exercise.swift; path = CBT/Models/Exercise.swift; sourceTree = "<group>"; };
		43B49C0265DB577719E637D9 /* ExercisesView.swift */ = {isa = PBXFileReference; includeInIndex = 1; lastKnownFileType = sourcecode.swift; name = ExercisesView.swift; path = CBT/Views/Exercises/ExercisesView.swift; sourceTree = "<group>"; };
		46174A2410EBE5205677063D /* TimedSessionSheet.swift */ = {isa = PBXFileReference; includeInIndex = 1; lastKnownFileType = sourcecode.swift; name = TimedSessionSheet.swift; path = CBT/Views/TimedSession/TimedSessionSheet.swift; sourceTree = "<group>"; };
		474346CF0C2315C7851B546D /* ExerciseCategoryView.swift */ = {isa = PBXFileReference; includeInIndex = 1; lastKnownFileType = sourcecode.swift; name = ExerciseCategoryView.swift; path = CBT/Views/Exercises/ExerciseCategoryView.swift; sourceTree = "<group>"; };
		5A3640DABF47ACD7204B6E1C /* SaveSessionView.swift */ = {isa = PBXFileReference; includeInIndex = 1; lastKnownFileType = sourcecode.swift; name = SaveSessionView.swift; path = CBT/Views/TimedSession/SaveSessionView.swift; sourceTree = "<group>"; };
		5D1D2D8CE722F568AE7263EA /* Exercise.swift */ = {isa = PBXFileReference; includeInIndex = 1; lastKnownFileType = sourcecode.swift; name = Exercise.swift; path = CBT/Models/Exercise.swift; sourceTree = "<group>"; };
		62D79DAF0421FDCC6CD4EC45 /* Exercises.json */ = {isa = PBXFileReference; includeInIndex = 1; lastKnownFileType = text.json; name = Exercises.json; path = CBT/Resources/Exercises.json; sourceTree = "<group>"; };
		6C62D7B98E9F52CCB742FC7A /* CBTHowItWorksView.swift */ = {isa = PBXFileReference; includeInIndex = 1; lastKnownFileType = sourcecode.swift; name = CBTHowItWorksView.swift; path = CBT/Views/Education/CBTHowItWorksView.swift; sourceTree = "<group>"; };
		6DF0DA74540D76C256A91E75 /* CBTFlexibleThinkingView.swift */ = {isa = PBXFileReference; includeInIndex = 1; lastKnownFileType = sourcecode.swift; name = CBTFlexibleThinkingView.swift; path = CBT/Views/Education/CBTFlexibleThinkingView.swift; sourceTree = "<group>"; };
		71D11379CED71F7CB59553D3 /* ExerciseLoader.swift */ = {isa = PBXFileReference; includeInIndex = 1; lastKnownFileType = sourcecode.swift; name = ExerciseLoader.swift; path = CBT/Services/ExerciseLoader.swift; sourceTree = "<group>"; };
		7F769CE7DCC5F5AD641C153B /* JournalEntry.swift */ = {isa = PBXFileReference; includeInIndex = 1; lastKnownFileType = sourcecode.swift; name = JournalEntry.swift; path = CBT/Models/JournalEntry.swift; sourceTree = "<group>"; };
		80E9BE42FDDA6B26379C30C7 /* CognitiveDistortionExample.swift */ = {isa = PBXFileReference; includeInIndex = 1; lastKnownFileType = sourcecode.swift; name = CognitiveDistortionExample.swift; path = CBT/Models/CognitiveDistortionExample.swift; sourceTree = "<group>"; };
		8385E1E357B033612DE80C9C /* ExerciseLoader.swift */ = {isa = PBXFileReference; includeInIndex = 1; lastKnownFileType = sourcecode.swift; name = ExerciseLoader.swift; path = CBT/Services/ExerciseLoader.swift; sourceTree = "<group>"; };
		84494DAB22A331ACE16537B6 /* JournalEntryDetailView.swift */ = {isa = PBXFileReference; includeInIndex = 1; lastKnownFileType = sourcecode.swift; name = JournalEntryDetailView.swift; path = CBT/Views/TimedSession/JournalEntryDetailView.swift; sourceTree = "<group>"; };
		8B9B990D97780AA6A2BB10E4 /* Exercise.swift */ = {isa = PBXFileReference; includeInIndex = 1; lastKnownFileType = sourcecode.swift; name = Exercise.swift; path = CBT/Models/Exercise.swift; sourceTree = "<group>"; };
		91953F34558AC5ADC039E331 /* ExerciseCategoryView.swift */ = {isa = PBXFileReference; includeInIndex = 1; lastKnownFileType = sourcecode.swift; name = ExerciseCategoryView.swift; path = CBT/Views/Exercises/ExerciseCategoryView.swift; sourceTree = "<group>"; };
		96783EC08D340E69E5FD8356 /* TimedSessionManager.swift */ = {isa = PBXFileReference; includeInIndex = 1; lastKnownFileType = sourcecode.swift; name = TimedSessionManager.swift; path = CBT/Services/TimedSessionManager.swift; sourceTree = "<group>"; };
		981AE1920ADF97B45092B1FE /* CBTEducationIntroView.swift */ = {isa = PBXFileReference; includeInIndex = 1; lastKnownFileType = sourcecode.swift; name = CBTEducationIntroView.swift; path = CBT/Views/Education/CBTEducationIntroView.swift; sourceTree = "<group>"; };
		9DB6B92B88BDB8E7BCE4D112 /* ExerciseDetailView.swift */ = {isa = PBXFileReference; includeInIndex = 1; lastKnownFileType = sourcecode.swift; name = ExerciseDetailView.swift; path = CBT/Views/Exercises/ExerciseDetailView.swift; sourceTree = "<group>"; };
		A8B8C08190223427F721E99A /* ExerciseDetailView.swift */ = {isa = PBXFileReference; includeInIndex = 1; lastKnownFileType = sourcecode.swift; name = ExerciseDetailView.swift; path = CBT/Views/Exercises/ExerciseDetailView.swift; sourceTree = "<group>"; };
		AF0FFB13482B34B4F6D57AA6 /* CBTSkillsView.swift */ = {isa = PBXFileReference; includeInIndex = 1; lastKnownFileType = sourcecode.swift; name = CBTSkillsView.swift; path = CBT/Views/Education/CBTSkillsView.swift; sourceTree = "<group>"; };
		B79C3342DB4D37DAB1CF664D /* CognitiveDistortionsLibrary.swift */ = {isa = PBXFileReference; includeInIndex = 1; lastKnownFileType = sourcecode.swift; name = CognitiveDistortionsLibrary.swift; path = CBT/Services/CognitiveDistortionsLibrary.swift; sourceTree = "<group>"; };
		B8100DA3282A4D0C06646B6E /* SessionSummary.swift */ = {isa = PBXFileReference; includeInIndex = 1; lastKnownFileType = sourcecode.swift; name = SessionSummary.swift; path = CBT/Views/TimedSession/SessionSummary.swift; sourceTree = "<group>"; };
		BDA4ED997B3D1A5FA46287FF /* ThemeBackgrounds.swift */ = {isa = PBXFileReference; includeInIndex = 1; lastKnownFileType = sourcecode.swift; name = ThemeBackgrounds.swift; path = CBT/Components/ThemeBackgrounds.swift; sourceTree = "<group>"; };
		C15119E4DDF923170FEA0191 /* Exercise.swift */ = {isa = PBXFileReference; includeInIndex = 1; lastKnownFileType = sourcecode.swift; name = Exercise.swift; path = CBT/Models/Exercise.swift; sourceTree = "<group>"; };
		CBB49565415FFA113A187A1C /* ExercisesView.swift */ = {isa = PBXFileReference; includeInIndex = 1; lastKnownFileType = sourcecode.swift; name = ExercisesView.swift; path = CBT/Views/Exercises/ExercisesView.swift; sourceTree = "<group>"; };
		CD1D5CCD5A201F9626D9F001 /* CBTTriangleView.swift */ = {isa = PBXFileReference; includeInIndex = 1; lastKnownFileType = sourcecode.swift; name = CBTTriangleView.swift; path = CBT/Views/Education/CBTTriangleView.swift; sourceTree = "<group>"; };
		D81099BC20784051632ABCD5 /* CBTEducationMenuView.swift */ = {isa = PBXFileReference; includeInIndex = 1; lastKnownFileType = sourcecode.swift; name = CBTEducationMenuView.swift; path = CBT/Views/Education/CBTEducationMenuView.swift; sourceTree = "<group>"; };
		DA7BAAECF66D2C5F5399C1F0 /* ExercisesView.swift */ = {isa = PBXFileReference; includeInIndex = 1; lastKnownFileType = sourcecode.swift; name = ExercisesView.swift; path = CBT/Views/Exercises/ExercisesView.swift; sourceTree = "<group>"; };
		DBADA70402C05E26CC8F55BA /* ExerciseDetailView.swift */ = {isa = PBXFileReference; includeInIndex = 1; lastKnownFileType = sourcecode.swift; name = ExerciseDetailView.swift; path = CBT/Views/Exercises/ExerciseDetailView.swift; sourceTree = "<group>"; };
		DDB12D0BE5CDAB194B91025F /* CBTUsingAppView.swift */ = {isa = PBXFileReference; includeInIndex = 1; lastKnownFileType = sourcecode.swift; name = CBTUsingAppView.swift; path = CBT/Views/Education/CBTUsingAppView.swift; sourceTree = "<group>"; };
		DE10F67FC739093236172516 /* ExerciseDetailView.swift */ = {isa = PBXFileReference; includeInIndex = 1; lastKnownFileType = sourcecode.swift; name = ExerciseDetailView.swift; path = CBT/Views/Exercises/ExerciseDetailView.swift; sourceTree = "<group>"; };
		DFEBA9AC38A6DB8BB52FAAA2 /* CBTFurtherReadingView.swift */ = {isa = PBXFileReference; includeInIndex = 1; lastKnownFileType = sourcecode.swift; name = CBTFurtherReadingView.swift; path = CBT/Views/Education/CBTFurtherReadingView.swift; sourceTree = "<group>"; };
		E09BBA00442C253A7670C49F /* CBTPatternsView.swift */ = {isa = PBXFileReference; includeInIndex = 1; lastKnownFileType = sourcecode.swift; name = CBTPatternsView.swift; path = CBT/Views/Education/CBTPatternsView.swift; sourceTree = "<group>"; };
		E1886DBE87071E95C4C140E5 /* Exercises.json */ = {isa = PBXFileReference; includeInIndex = 1; lastKnownFileType = text.json; name = Exercises.json; path = CBT/Resources/Exercises.json; sourceTree = "<group>"; };
		E2E55C492F58B8550055850B /* CBT.app */ = {isa = PBXFileReference; explicitFileType = wrapper.application; includeInIndex = 0; path = CBT.app; sourceTree = BUILT_PRODUCTS_DIR; };
		E2E55C5A2F58B8560055850B /* CBTTests.xctest */ = {isa = PBXFileReference; explicitFileType = wrapper.cfbundle; includeInIndex = 0; path = CBTTests.xctest; sourceTree = BUILT_PRODUCTS_DIR; };
		E2E55C642F58B8560055850B /* CBTUITests.xctest */ = {isa = PBXFileReference; explicitFileType = wrapper.cfbundle; includeInIndex = 0; path = CBTUITests.xctest; sourceTree = BUILT_PRODUCTS_DIR; };
		EF074934FC59548EB6D1C4F9 /* ExerciseCategoryView.swift */ = {isa = PBXFileReference; includeInIndex = 1; lastKnownFileType = sourcecode.swift; name = ExerciseCategoryView.swift; path = CBT/Views/Exercises/ExerciseCategoryView.swift; sourceTree = "<group>"; };
		F1627DF6D2B5D7D4A4C30862 /* ExerciseCategoryView.swift */ = {isa = PBXFileReference; includeInIndex = 1; lastKnownFileType = sourcecode.swift; name = ExerciseCategoryView.swift; path = CBT/Views/Exercises/ExerciseCategoryView.swift; sourceTree = "<group>"; };
		F83E99D074184EC1F3EE4949 /* ExercisesView.swift */ = {isa = PBXFileReference; includeInIndex = 1; lastKnownFileType = sourcecode.swift; name = ExercisesView.swift; path = CBT/Views/Exercises/ExercisesView.swift; sourceTree = "<group>"; };
/* End PBXFileReference section */

/* Begin PBXFileSystemSynchronizedBuildFileExceptionSet section */
		E2E55C6C2F58B8560055850B /* Exceptions for "CBT" folder in "CBT" target */ = {
			isa = PBXFileSystemSynchronizedBuildFileExceptionSet;
			membershipExceptions = (
				Info.plist,
			);
			target = E2E55C482F58B8550055850B /* CBT */;
		};
/* End PBXFileSystemSynchronizedBuildFileExceptionSet section */

/* Begin PBXFileSystemSynchronizedRootGroup section */
		E2E55C4B2F58B8550055850B /* CBT */ = {
			isa = PBXFileSystemSynchronizedRootGroup;
			exceptions = (
				E2E55C6C2F58B8560055850B /* Exceptions for "CBT" folder in "CBT" target */,
			);
			path = CBT;
			sourceTree = "<group>";
		};
		E2E55C5D2F58B8560055850B /* CBTTests */ = {
			isa = PBXFileSystemSynchronizedRootGroup;
			path = CBTTests;
			sourceTree = "<group>";
		};
		E2E55C672F58B8560055850B /* CBTUITests */ = {
			isa = PBXFileSystemSynchronizedRootGroup;
			path = CBTUITests;
			sourceTree = "<group>";
		};
/* End PBXFileSystemSynchronizedRootGroup section */

/* Begin PBXFrameworksBuildPhase section */
		E2E55C462F58B8550055850B /* Frameworks */ = {
			isa = PBXFrameworksBuildPhase;
			buildActionMask = 2147483647;
			files = (
			);
			runOnlyForDeploymentPostprocessing = 0;
		};
		E2E55C572F58B8560055850B /* Frameworks */ = {
			isa = PBXFrameworksBuildPhase;
			buildActionMask = 2147483647;
			files = (
			);
			runOnlyForDeploymentPostprocessing = 0;
		};
		E2E55C612F58B8560055850B /* Frameworks */ = {
			isa = PBXFrameworksBuildPhase;
			buildActionMask = 2147483647;
			files = (
			);
			runOnlyForDeploymentPostprocessing = 0;
		};
/* End PBXFrameworksBuildPhase section */

/* Begin PBXGroup section */
		014B8C723688BA6FA9D55130 /* Services */ = {
			isa = PBXGroup;
			children = (
				036A393EF4B16FD2EAC76FB4 /* ExerciseLoader.swift */,
				8385E1E357B033612DE80C9C /* ExerciseLoader.swift */,
				406969468C7CD36175E0769B /* ExerciseLoader.swift */,
				71D11379CED71F7CB59553D3 /* ExerciseLoader.swift */,
				B79C3342DB4D37DAB1CF664D /* CognitiveDistortionsLibrary.swift */,
				96783EC08D340E69E5FD8356 /* TimedSessionManager.swift */,
			);
			name = Services;
			sourceTree = "<group>";
		};
		05E0B42D266D7C15B3B6A1FF /* Models */ = {
			isa = PBXGroup;
			children = (
				C15119E4DDF923170FEA0191 /* Exercise.swift */,
				5D1D2D8CE722F568AE7263EA /* Exercise.swift */,
				41C6873C6A6F717126C99CCB /* Exercise.swift */,
				8B9B990D97780AA6A2BB10E4 /* Exercise.swift */,
				80E9BE42FDDA6B26379C30C7 /* CognitiveDistortionExample.swift */,
				7F769CE7DCC5F5AD641C153B /* JournalEntry.swift */,
			);
			name = Models;
			sourceTree = "<group>";
		};
		072C2DF186FFF41A8F528DAA /* Exercises */ = {
			isa = PBXGroup;
			children = (
				43B49C0265DB577719E637D9 /* ExercisesView.swift */,
				EF074934FC59548EB6D1C4F9 /* ExerciseCategoryView.swift */,
				DBADA70402C05E26CC8F55BA /* ExerciseDetailView.swift */,
				CBB49565415FFA113A187A1C /* ExercisesView.swift */,
				474346CF0C2315C7851B546D /* ExerciseCategoryView.swift */,
				A8B8C08190223427F721E99A /* ExerciseDetailView.swift */,
				DA7BAAECF66D2C5F5399C1F0 /* ExercisesView.swift */,
				F1627DF6D2B5D7D4A4C30862 /* ExerciseCategoryView.swift */,
				DE10F67FC739093236172516 /* ExerciseDetailView.swift */,
				F83E99D074184EC1F3EE4949 /* ExercisesView.swift */,
				91953F34558AC5ADC039E331 /* ExerciseCategoryView.swift */,
				9DB6B92B88BDB8E7BCE4D112 /* ExerciseDetailView.swift */,
				64CAE61442FD3AB7DCC7DA70 /* Distortions */,
			);
			name = Exercises;
			sourceTree = "<group>";
		};
		1467372BB7EB3099AD9213F3 /* CBT */ = {
			isa = PBXGroup;
			children = (
				53F9A05F6CB72E997C083820 /* Resources */,
				05E0B42D266D7C15B3B6A1FF /* Models */,
				014B8C723688BA6FA9D55130 /* Services */,
				3E2A42496774520464FACB48 /* Views */,
				C8B2A794C23084DC84D6B8AA /* Utilities */,
				EE5DCF35F18A94CFCD276200 /* Components */,
			);
			name = CBT;
			sourceTree = "<group>";
		};
		3E2A42496774520464FACB48 /* Views */ = {
			isa = PBXGroup;
			children = (
				072C2DF186FFF41A8F528DAA /* Exercises */,
				B99E7120A6DE82BB908A262F /* Education */,
				CACEF8A2A3579F306448084F /* TimedSession */,
			);
			name = Views;
			sourceTree = "<group>";
		};
		53F9A05F6CB72E997C083820 /* Resources */ = {
			isa = PBXGroup;
			children = (
				2FE75C21E59658D0712C728D /* Exercises.json */,
				E1886DBE87071E95C4C140E5 /* Exercises.json */,
				00F49E7549B6795A52FA6D52 /* Exercises.json */,
				62D79DAF0421FDCC6CD4EC45 /* Exercises.json */,
				222FA855280230292348BA9D /* CognitiveDistortions.json */,
			);
			name = Resources;
			sourceTree = "<group>";
		};
		64CAE61442FD3AB7DCC7DA70 /* Distortions */ = {
			isa = PBXGroup;
			children = (
				096D7D3AFE3744DCC008BC64 /* DistortionExamplesView.swift */,
				1D41DD8111E2DA9E02A329A7 /* DistortionExampleCardView.swift */,
			);
			path = Distortions;
			sourceTree = "<group>";
		};
		B99E7120A6DE82BB908A262F /* Education */ = {
			isa = PBXGroup;
			children = (
				339CE04FF2EE2D22EDF03881 /* CBTCognitiveDistortionsView.swift */,
				981AE1920ADF97B45092B1FE /* CBTEducationIntroView.swift */,
				D81099BC20784051632ABCD5 /* CBTEducationMenuView.swift */,
				6DF0DA74540D76C256A91E75 /* CBTFlexibleThinkingView.swift */,
				DFEBA9AC38A6DB8BB52FAAA2 /* CBTFurtherReadingView.swift */,
				6C62D7B98E9F52CCB742FC7A /* CBTHowItWorksView.swift */,
				E09BBA00442C253A7670C49F /* CBTPatternsView.swift */,
				08F60EA20CA9A593F305E726 /* CBTResearchView.swift */,
				AF0FFB13482B34B4F6D57AA6 /* CBTSkillsView.swift */,
				CD1D5CCD5A201F9626D9F001 /* CBTTriangleView.swift */,
				DDB12D0BE5CDAB194B91025F /* CBTUsingAppView.swift */,
			);
			name = Education;
			sourceTree = "<group>";
		};
		C8B2A794C23084DC84D6B8AA /* Utilities */ = {
			isa = PBXGroup;
			children = (
				11B32A76A78B980E08161AFD /* Color+Extensions.swift */,
				057FEC65B18A263510493031 /* AppTheme.swift */,
				10F438FB03B7BC72D6CD963B /* ThemeManager.swift */,
			);
			name = Utilities;
			sourceTree = "<group>";
		};
		CACEF8A2A3579F306448084F /* TimedSession */ = {
			isa = PBXGroup;
			children = (
				B8100DA3282A4D0C06646B6E /* SessionSummary.swift */,
				46174A2410EBE5205677063D /* TimedSessionSheet.swift */,
				5A3640DABF47ACD7204B6E1C /* SaveSessionView.swift */,
				84494DAB22A331ACE16537B6 /* JournalEntryDetailView.swift */,
			);
			name = TimedSession;
			sourceTree = "<group>";
		};
		E2E55C402F58B8550055850B = {
			isa = PBXGroup;
			children = (
				E2E55C4B2F58B8550055850B /* CBT */,
				E2E55C5D2F58B8560055850B /* CBTTests */,
				E2E55C672F58B8560055850B /* CBTUITests */,
				E2E55C4A2F58B8550055850B /* Products */,
				1467372BB7EB3099AD9213F3 /* CBT */,
			);
			sourceTree = "<group>";
		};
		E2E55C4A2F58B8550055850B /* Products */ = {
			isa = PBXGroup;
			children = (
				E2E55C492F58B8550055850B /* CBT.app */,
				E2E55C5A2F58B8560055850B /* CBTTests.xctest */,
				E2E55C642F58B8560055850B /* CBTUITests.xctest */,
			);
			name = Products;
			sourceTree = "<group>";
		};
		EE5DCF35F18A94CFCD276200 /* Components */ = {
			isa = PBXGroup;
			children = (
				BDA4ED997B3D1A5FA46287FF /* ThemeBackgrounds.swift */,
			);
			name = Components;
			sourceTree = "<group>";
		};
/* End PBXGroup section */

/* Begin PBXNativeTarget section */
		E2E55C482F58B8550055850B /* CBT */ = {
			isa = PBXNativeTarget;
			buildConfigurationList = E2E55C6D2F58B8560055850B /* Build configuration list for PBXNativeTarget "CBT" */;
			buildPhases = (
				E2E55C452F58B8550055850B /* Sources */,
				E2E55C462F58B8550055850B /* Frameworks */,
				E2E55C472F58B8550055850B /* Resources */,
			);
			buildRules = (
			);
			dependencies = (
			);
			fileSystemSynchronizedGroups = (
				E2E55C4B2F58B8550055850B /* CBT */,
			);
			name = CBT;
			productName = CBT;
			productReference = E2E55C492F58B8550055850B /* CBT.app */;
			productType = "com.apple.product-type.application";
		};
		E2E55C592F58B8560055850B /* CBTTests */ = {
			isa = PBXNativeTarget;
			buildConfigurationList = E2E55C722F58B8560055850B /* Build configuration list for PBXNativeTarget "CBTTests" */;
			buildPhases = (
				E2E55C562F58B8560055850B /* Sources */,
				E2E55C572F58B8560055850B /* Frameworks */,
				E2E55C582F58B8560055850B /* Resources */,
			);
			buildRules = (
			);
			dependencies = (
				E2E55C5C2F58B8560055850B /* PBXTargetDependency */,
			);
			fileSystemSynchronizedGroups = (
				E2E55C5D2F58B8560055850B /* CBTTests */,
			);
			name = CBTTests;
			productName = CBTTests;
			productReference = E2E55C5A2F58B8560055850B /* CBTTests.xctest */;
			productType = "com.apple.product-type.bundle.unit-test";
		};
		E2E55C632F58B8560055850B /* CBTUITests */ = {
			isa = PBXNativeTarget;
			buildConfigurationList = E2E55C752F58B8560055850B /* Build configuration list for PBXNativeTarget "CBTUITests" */;
			buildPhases = (
				E2E55C602F58B8560055850B /* Sources */,
				E2E55C612F58B8560055850B /* Frameworks */,
				E2E55C622F58B8560055850B /* Resources */,
			);
			buildRules = (
			);
			dependencies = (
				E2E55C662F58B8560055850B /* PBXTargetDependency */,
			);
			fileSystemSynchronizedGroups = (
				E2E55C672F58B8560055850B /* CBTUITests */,
			);
			name = CBTUITests;
			productName = CBTUITests;
			productReference = E2E55C642F58B8560055850B /* CBTUITests.xctest */;
			productType = "com.apple.product-type.bundle.ui-testing";
		};
/* End PBXNativeTarget section */

/* Begin PBXProject section */
		E2E55C412F58B8550055850B /* Project object */ = {
			isa = PBXProject;
			attributes = {
				BuildIndependentTargetsInParallel = 1;
				LastSwiftUpdateCheck = 2620;
				LastUpgradeCheck = 2620;
				TargetAttributes = {
					E2E55C482F58B8550055850B = {
						CreatedOnToolsVersion = 26.2;
					};
					E2E55C592F58B8560055850B = {
						CreatedOnToolsVersion = 26.2;
						TestTargetID = E2E55C482F58B8550055850B;
					};
					E2E55C632F58B8560055850B = {
						CreatedOnToolsVersion = 26.2;
						TestTargetID = E2E55C482F58B8550055850B;
					};
				};
			};
			buildConfigurationList = E2E55C442F58B8550055850B /* Build configuration list for PBXProject "CBT" */;
			developmentRegion = en;
			hasScannedForEncodings = 0;
			knownRegions = (
				en,
				Base,
			);
			mainGroup = E2E55C402F58B8550055850B;
			minimizedProjectReferenceProxies = 1;
			preferredProjectObjectVersion = 77;
			productRefGroup = E2E55C4A2F58B8550055850B /* Products */;
			projectDirPath = "";
			projectRoot = "";
			targets = (
				E2E55C482F58B8550055850B /* CBT */,
				E2E55C592F58B8560055850B /* CBTTests */,
				E2E55C632F58B8560055850B /* CBTUITests */,
			);
		};
/* End PBXProject section */

/* Begin PBXResourcesBuildPhase section */
		E2E55C472F58B8550055850B /* Resources */ = {
			isa = PBXResourcesBuildPhase;
			buildActionMask = 2147483647;
			files = (
				2F68B264F7292636821F21B0 /* Exercises.json in Resources */,
				EB20AAC2CB3F0163BE31159C /* Exercises.json in Resources */,
				37138EECB153F1CB2AC9B8D7 /* CognitiveDistortions.json in Resources */,
			);
			runOnlyForDeploymentPostprocessing = 0;
		};
		E2E55C582F58B8560055850B /* Resources */ = {
			isa = PBXResourcesBuildPhase;
			buildActionMask = 2147483647;
			files = (
			);
			runOnlyForDeploymentPostprocessing = 0;
		};
		E2E55C622F58B8560055850B /* Resources */ = {
			isa = PBXResourcesBuildPhase;
			buildActionMask = 2147483647;
			files = (
			);
			runOnlyForDeploymentPostprocessing = 0;
		};
/* End PBXResourcesBuildPhase section */

/* Begin PBXSourcesBuildPhase section */
		E2E55C452F58B8550055850B /* Sources */ = {
			isa = PBXSourcesBuildPhase;
			buildActionMask = 2147483647;
			files = (
				B7AEB4A16410BCCBEEF04078 /* CBTCognitiveDistortionsView.swift in Sources */,
				BA58BF3DA83A6D55E330F932 /* CBTEducationIntroView.swift in Sources */,
				B36C1E6E7170743BB0E41A28 /* CBTEducationMenuView.swift in Sources */,
				4CE1D1C4C26775BBAA5ACD06 /* CBTFlexibleThinkingView.swift in Sources */,
				8741B2139D8D691F167A3048 /* CBTFurtherReadingView.swift in Sources */,
				63B0FDBDEF2E0107D1353581 /* CBTHowItWorksView.swift in Sources */,
				1D1311E7AFA7FB77C4EF09EC /* CBTPatternsView.swift in Sources */,
				6422C2B6D522F241DF1A0EB8 /* CBTResearchView.swift in Sources */,
				7A0B598DF59B29049CF72E5E /* CBTSkillsView.swift in Sources */,
				8C49E6C3F7DB95F2CC0A3C22 /* CBTTriangleView.swift in Sources */,
				007E64A52DA7D3CB607725E5 /* CBTUsingAppView.swift in Sources */,
				AD4CCB2DC22E8BB3786A4CA5 /* Exercise.swift in Sources */,
				9074BB61A519653041AB6BE0 /* ExerciseLoader.swift in Sources */,
				9BB71A7FD613C3C752212A00 /* ExercisesView.swift in Sources */,
				34D6510BAC59C6C2FF75F802 /* ExerciseCategoryView.swift in Sources */,
				9E7FCBBE6337ED8D579B4E30 /* ExerciseDetailView.swift in Sources */,
				9A4A6CB31E40DFEEDC08A250 /* Color+Extensions.swift in Sources */,
				5E62D247F038560112DC774E /* AppTheme.swift in Sources */,
				439FFA773C69392344FB1985 /* ThemeManager.swift in Sources */,
				D3668EE3B32FC79515189C51 /* ThemeBackgrounds.swift in Sources */,
				B4822D6F1287115793C90E26 /* CognitiveDistortionExample.swift in Sources */,
				69172317DFD0CA0BDF6D4F97 /* CognitiveDistortionsLibrary.swift in Sources */,
				B3FF0B858FC6407FC7646AEF /* DistortionExamplesView.swift in Sources */,
				3291C1B08540E7E2BD48BBDF /* DistortionExampleCardView.swift in Sources */,
				30E3E3A686691A4C69CAEBD8 /* JournalEntry.swift in Sources */,
				81F5B6B9677292645E672F69 /* TimedSessionManager.swift in Sources */,
				E7F38248BFEFFD8E84BE012A /* SessionSummary.swift in Sources */,
				BF72952CD3E29FEB588C3360 /* TimedSessionSheet.swift in Sources */,
				929FD8EC0C9D839400464EDD /* SaveSessionView.swift in Sources */,
				C202C213FFFD5902BE27EE09 /* JournalEntryDetailView.swift in Sources */,
			);
			runOnlyForDeploymentPostprocessing = 0;
		};
		E2E55C562F58B8560055850B /* Sources */ = {
			isa = PBXSourcesBuildPhase;
			buildActionMask = 2147483647;
			files = (
			);
			runOnlyForDeploymentPostprocessing = 0;
		};
		E2E55C602F58B8560055850B /* Sources */ = {
			isa = PBXSourcesBuildPhase;
			buildActionMask = 2147483647;
			files = (
			);
			runOnlyForDeploymentPostprocessing = 0;
		};
/* End PBXSourcesBuildPhase section */

/* Begin PBXTargetDependency section */
		E2E55C5C2F58B8560055850B /* PBXTargetDependency */ = {
			isa = PBXTargetDependency;
			target = E2E55C482F58B8550055850B /* CBT */;
			targetProxy = E2E55C5B2F58B8560055850B /* PBXContainerItemProxy */;
		};
		E2E55C662F58B8560055850B /* PBXTargetDependency */ = {
			isa = PBXTargetDependency;
			target = E2E55C482F58B8550055850B /* CBT */;
			targetProxy = E2E55C652F58B8560055850B /* PBXContainerItemProxy */;
		};
/* End PBXTargetDependency section */

/* Begin XCBuildConfiguration section */
		E2E55C6E2F58B8560055850B /* Debug */ = {
			isa = XCBuildConfiguration;
			buildSettings = {
				ASSETCATALOG_COMPILER_APPICON_NAME = AppIcon;
				ASSETCATALOG_COMPILER_GLOBAL_ACCENT_COLOR_NAME = AccentColor;
				CODE_SIGN_STYLE = Automatic;
				CURRENT_PROJECT_VERSION = 1;
				DEVELOPMENT_TEAM = 6W3R5F6T8X;
				ENABLE_APP_SANDBOX = YES;
				ENABLE_HARDENED_RUNTIME = YES;
				ENABLE_PREVIEWS = YES;
				ENABLE_USER_SELECTED_FILES = readonly;
				GENERATE_INFOPLIST_FILE = YES;
				INFOPLIST_FILE = CBT/Info.plist;
				"INFOPLIST_KEY_UIApplicationSceneManifest_Generation[sdk=iphoneos*]" = YES;
				"INFOPLIST_KEY_UIApplicationSceneManifest_Generation[sdk=iphonesimulator*]" = YES;
				"INFOPLIST_KEY_UIApplicationSupportsIndirectInputEvents[sdk=iphoneos*]" = YES;
				"INFOPLIST_KEY_UIApplicationSupportsIndirectInputEvents[sdk=iphonesimulator*]" = YES;
				"INFOPLIST_KEY_UILaunchScreen_Generation[sdk=iphoneos*]" = YES;
				"INFOPLIST_KEY_UILaunchScreen_Generation[sdk=iphonesimulator*]" = YES;
				"INFOPLIST_KEY_UIStatusBarStyle[sdk=iphoneos*]" = UIStatusBarStyleDefault;
				"INFOPLIST_KEY_UIStatusBarStyle[sdk=iphonesimulator*]" = UIStatusBarStyleDefault;
				INFOPLIST_KEY_UISupportedInterfaceOrientations_iPad = "UIInterfaceOrientationPortrait UIInterfaceOrientationPortraitUpsideDown UIInterfaceOrientationLandscapeLeft UIInterfaceOrientationLandscapeRight";
				INFOPLIST_KEY_UISupportedInterfaceOrientations_iPhone = "UIInterfaceOrientationPortrait UIInterfaceOrientationLandscapeLeft UIInterfaceOrientationLandscapeRight";
				IPHONEOS_DEPLOYMENT_TARGET = 17.0;
				LD_RUNPATH_SEARCH_PATHS = "@executable_path/Frameworks";
				"LD_RUNPATH_SEARCH_PATHS[sdk=macosx*]" = "@executable_path/../Frameworks";
				MACOSX_DEPLOYMENT_TARGET = 26.2;
				MARKETING_VERSION = 1.0;
				PRODUCT_BUNDLE_IDENTIFIER = com.melichan.CBT;
				PRODUCT_NAME = "$(TARGET_NAME)";
				REGISTER_APP_GROUPS = YES;
				SDKROOT = auto;
				STRING_CATALOG_GENERATE_SYMBOLS = YES;
				SUPPORTED_PLATFORMS = "iphoneos iphonesimulator macosx xros xrsimulator";
				SWIFT_APPROACHABLE_CONCURRENCY = YES;
				SWIFT_DEFAULT_ACTOR_ISOLATION = MainActor;
				SWIFT_EMIT_LOC_STRINGS = YES;
				SWIFT_UPCOMING_FEATURE_MEMBER_IMPORT_VISIBILITY = YES;
				SWIFT_VERSION = 5.0;
				TARGETED_DEVICE_FAMILY = "1,2,7";
				XROS_DEPLOYMENT_TARGET = 26.2;
			};
			name = Debug;
		};
		E2E55C6F2F58B8560055850B /* Release */ = {
			isa = XCBuildConfiguration;
			buildSettings = {
				ASSETCATALOG_COMPILER_APPICON_NAME = AppIcon;
				ASSETCATALOG_COMPILER_GLOBAL_ACCENT_COLOR_NAME = AccentColor;
				CODE_SIGN_STYLE = Automatic;
				CURRENT_PROJECT_VERSION = 1;
				DEVELOPMENT_TEAM = 6W3R5F6T8X;
				ENABLE_APP_SANDBOX = YES;
				ENABLE_HARDENED_RUNTIME = YES;
				ENABLE_PREVIEWS = YES;
				ENABLE_USER_SELECTED_FILES = readonly;
				GENERATE_INFOPLIST_FILE = YES;
				INFOPLIST_FILE = CBT/Info.plist;
				"INFOPLIST_KEY_UIApplicationSceneManifest_Generation[sdk=iphoneos*]" = YES;
				"INFOPLIST_KEY_UIApplicationSceneManifest_Generation[sdk=iphonesimulator*]" = YES;
				"INFOPLIST_KEY_UIApplicationSupportsIndirectInputEvents[sdk=iphoneos*]" = YES;
				"INFOPLIST_KEY_UIApplicationSupportsIndirectInputEvents[sdk=iphonesimulator*]" = YES;
				"INFOPLIST_KEY_UILaunchScreen_Generation[sdk=iphoneos*]" = YES;
				"INFOPLIST_KEY_UILaunchScreen_Generation[sdk=iphonesimulator*]" = YES;
				"INFOPLIST_KEY_UIStatusBarStyle[sdk=iphoneos*]" = UIStatusBarStyleDefault;
				"INFOPLIST_KEY_UIStatusBarStyle[sdk=iphonesimulator*]" = UIStatusBarStyleDefault;
				INFOPLIST_KEY_UISupportedInterfaceOrientations_iPad = "UIInterfaceOrientationPortrait UIInterfaceOrientationPortraitUpsideDown UIInterfaceOrientationLandscapeLeft UIInterfaceOrientationLandscapeRight";
				INFOPLIST_KEY_UISupportedInterfaceOrientations_iPhone = "UIInterfaceOrientationPortrait UIInterfaceOrientationLandscapeLeft UIInterfaceOrientationLandscapeRight";
				IPHONEOS_DEPLOYMENT_TARGET = 17.0;
				LD_RUNPATH_SEARCH_PATHS = "@executable_path/Frameworks";
				"LD_RUNPATH_SEARCH_PATHS[sdk=macosx*]" = "@executable_path/../Frameworks";
				MACOSX_DEPLOYMENT_TARGET = 26.2;
				MARKETING_VERSION = 1.0;
				PRODUCT_BUNDLE_IDENTIFIER = com.melichan.CBT;
				PRODUCT_NAME = "$(TARGET_NAME)";
				REGISTER_APP_GROUPS = YES;
				SDKROOT = auto;
				STRING_CATALOG_GENERATE_SYMBOLS = YES;
				SUPPORTED_PLATFORMS = "iphoneos iphonesimulator macosx xros xrsimulator";
				SWIFT_APPROACHABLE_CONCURRENCY = YES;
				SWIFT_DEFAULT_ACTOR_ISOLATION = MainActor;
				SWIFT_EMIT_LOC_STRINGS = YES;
				SWIFT_UPCOMING_FEATURE_MEMBER_IMPORT_VISIBILITY = YES;
				SWIFT_VERSION = 5.0;
				TARGETED_DEVICE_FAMILY = "1,2,7";
				XROS_DEPLOYMENT_TARGET = 26.2;
			};
			name = Release;
		};
		E2E55C702F58B8560055850B /* Debug */ = {
			isa = XCBuildConfiguration;
			buildSettings = {
				ALWAYS_SEARCH_USER_PATHS = NO;
				ASSETCATALOG_COMPILER_GENERATE_SWIFT_ASSET_SYMBOL_EXTENSIONS = YES;
				CLANG_ANALYZER_NONNULL = YES;
				CLANG_ANALYZER_NUMBER_OBJECT_CONVERSION = YES_AGGRESSIVE;
				CLANG_CXX_LANGUAGE_STANDARD = "gnu++20";
				CLANG_ENABLE_MODULES = YES;
				CLANG_ENABLE_OBJC_ARC = YES;
				CLANG_ENABLE_OBJC_WEAK = YES;
				CLANG_WARN_BLOCK_CAPTURE_AUTORELEASING = YES;
				CLANG_WARN_BOOL_CONVERSION = YES;
				CLANG_WARN_COMMA = YES;
				CLANG_WARN_CONSTANT_CONVERSION = YES;
				CLANG_WARN_DEPRECATED_OBJC_IMPLEMENTATIONS = YES;
				CLANG_WARN_DIRECT_OBJC_ISA_USAGE = YES_ERROR;
				CLANG_WARN_DOCUMENTATION_COMMENTS = YES;
				CLANG_WARN_EMPTY_BODY = YES;
				CLANG_WARN_ENUM_CONVERSION = YES;
				CLANG_WARN_INFINITE_RECURSION = YES;
				CLANG_WARN_INT_CONVERSION = YES;
				CLANG_WARN_NON_LITERAL_NULL_CONVERSION = YES;
				CLANG_WARN_OBJC_IMPLICIT_RETAIN_SELF = YES;
				CLANG_WARN_OBJC_LITERAL_CONVERSION = YES;
				CLANG_WARN_OBJC_ROOT_CLASS = YES_ERROR;
				CLANG_WARN_QUOTED_INCLUDE_IN_FRAMEWORK_HEADER = YES;
				CLANG_WARN_RANGE_LOOP_ANALYSIS = YES;
				CLANG_WARN_STRICT_PROTOTYPES = YES;
				CLANG_WARN_SUSPICIOUS_MOVE = YES;
				CLANG_WARN_UNGUARDED_AVAILABILITY = YES_AGGRESSIVE;
				CLANG_WARN_UNREACHABLE_CODE = YES;
				CLANG_WARN__DUPLICATE_METHOD_MATCH = YES;
				COPY_PHASE_STRIP = NO;
				DEBUG_INFORMATION_FORMAT = dwarf;
				DEVELOPMENT_TEAM = 6W3R5F6T8X;
				ENABLE_STRICT_OBJC_MSGSEND = YES;
				ENABLE_TESTABILITY = YES;
				ENABLE_USER_SCRIPT_SANDBOXING = YES;
				GCC_C_LANGUAGE_STANDARD = gnu17;
				GCC_DYNAMIC_NO_PIC = NO;
				GCC_NO_COMMON_BLOCKS = YES;
				GCC_OPTIMIZATION_LEVEL = 0;
				GCC_PREPROCESSOR_DEFINITIONS = (
					"DEBUG=1",
					"$(inherited)",
				);
				GCC_WARN_64_TO_32_BIT_CONVERSION = YES;
				GCC_WARN_ABOUT_RETURN_TYPE = YES_ERROR;
				GCC_WARN_UNDECLARED_SELECTOR = YES;
				GCC_WARN_UNINITIALIZED_AUTOS = YES_AGGRESSIVE;
				GCC_WARN_UNUSED_FUNCTION = YES;
				GCC_WARN_UNUSED_VARIABLE = YES;
				LOCALIZATION_PREFERS_STRING_CATALOGS = YES;
				MTL_ENABLE_DEBUG_INFO = INCLUDE_SOURCE;
				MTL_FAST_MATH = YES;
				ONLY_ACTIVE_ARCH = YES;
				SWIFT_ACTIVE_COMPILATION_CONDITIONS = "DEBUG $(inherited)";
				SWIFT_OPTIMIZATION_LEVEL = "-Onone";
			};
			name = Debug;
		};
		E2E55C712F58B8560055850B /* Release */ = {
			isa = XCBuildConfiguration;
			buildSettings = {
				ALWAYS_SEARCH_USER_PATHS = NO;
				ASSETCATALOG_COMPILER_GENERATE_SWIFT_ASSET_SYMBOL_EXTENSIONS = YES;
				CLANG_ANALYZER_NONNULL = YES;
				CLANG_ANALYZER_NUMBER_OBJECT_CONVERSION = YES_AGGRESSIVE;
				CLANG_CXX_LANGUAGE_STANDARD = "gnu++20";
				CLANG_ENABLE_MODULES = YES;
				CLANG_ENABLE_OBJC_ARC = YES;
				CLANG_ENABLE_OBJC_WEAK = YES;
				CLANG_WARN_BLOCK_CAPTURE_AUTORELEASING = YES;
				CLANG_WARN_BOOL_CONVERSION = YES;
				CLANG_WARN_COMMA = YES;
				CLANG_WARN_CONSTANT_CONVERSION = YES;
				CLANG_WARN_DEPRECATED_OBJC_IMPLEMENTATIONS = YES;
				CLANG_WARN_DIRECT_OBJC_ISA_USAGE = YES_ERROR;
				CLANG_WARN_DOCUMENTATION_COMMENTS = YES;
				CLANG_WARN_EMPTY_BODY = YES;
				CLANG_WARN_ENUM_CONVERSION = YES;
				CLANG_WARN_INFINITE_RECURSION = YES;
				CLANG_WARN_INT_CONVERSION = YES;
				CLANG_WARN_NON_LITERAL_NULL_CONVERSION = YES;
				CLANG_WARN_OBJC_IMPLICIT_RETAIN_SELF = YES;
				CLANG_WARN_OBJC_LITERAL_CONVERSION = YES;
				CLANG_WARN_OBJC_ROOT_CLASS = YES_ERROR;
				CLANG_WARN_QUOTED_INCLUDE_IN_FRAMEWORK_HEADER = YES;
				CLANG_WARN_RANGE_LOOP_ANALYSIS = YES;
				CLANG_WARN_STRICT_PROTOTYPES = YES;
				CLANG_WARN_SUSPICIOUS_MOVE = YES;
				CLANG_WARN_UNGUARDED_AVAILABILITY = YES_AGGRESSIVE;
				CLANG_WARN_UNREACHABLE_CODE = YES;
				CLANG_WARN__DUPLICATE_METHOD_MATCH = YES;
				COPY_PHASE_STRIP = NO;
				DEBUG_INFORMATION_FORMAT = "dwarf-with-dsym";
				DEVELOPMENT_TEAM = 6W3R5F6T8X;
				ENABLE_NS_ASSERTIONS = NO;
				ENABLE_STRICT_OBJC_MSGSEND = YES;
				ENABLE_USER_SCRIPT_SANDBOXING = YES;
				GCC_C_LANGUAGE_STANDARD = gnu17;
				GCC_NO_COMMON_BLOCKS = YES;
				GCC_WARN_64_TO_32_BIT_CONVERSION = YES;
				GCC_WARN_ABOUT_RETURN_TYPE = YES_ERROR;
				GCC_WARN_UNDECLARED_SELECTOR = YES;
				GCC_WARN_UNINITIALIZED_AUTOS = YES_AGGRESSIVE;
				GCC_WARN_UNUSED_FUNCTION = YES;
				GCC_WARN_UNUSED_VARIABLE = YES;
				LOCALIZATION_PREFERS_STRING_CATALOGS = YES;
				MTL_ENABLE_DEBUG_INFO = NO;
				MTL_FAST_MATH = YES;
				SWIFT_COMPILATION_MODE = wholemodule;
			};
			name = Release;
		};
		E2E55C732F58B8560055850B /* Debug */ = {
			isa = XCBuildConfiguration;
			buildSettings = {
				BUNDLE_LOADER = "$(TEST_HOST)";
				CODE_SIGN_STYLE = Automatic;
				CURRENT_PROJECT_VERSION = 1;
				DEVELOPMENT_TEAM = 6W3R5F6T8X;
				GENERATE_INFOPLIST_FILE = YES;
				IPHONEOS_DEPLOYMENT_TARGET = 17.0;
				MACOSX_DEPLOYMENT_TARGET = 26.2;
				MARKETING_VERSION = 1.0;
				PRODUCT_BUNDLE_IDENTIFIER = com.melichan.CBTTests;
				PRODUCT_NAME = "$(TARGET_NAME)";
				SDKROOT = auto;
				STRING_CATALOG_GENERATE_SYMBOLS = NO;
				SUPPORTED_PLATFORMS = "iphoneos iphonesimulator macosx xros xrsimulator";
				SWIFT_APPROACHABLE_CONCURRENCY = YES;
				SWIFT_EMIT_LOC_STRINGS = NO;
				SWIFT_UPCOMING_FEATURE_MEMBER_IMPORT_VISIBILITY = YES;
				SWIFT_VERSION = 5.0;
				TARGETED_DEVICE_FAMILY = "1,2,7";
				TEST_HOST = "$(BUILT_PRODUCTS_DIR)/CBT.app/$(BUNDLE_EXECUTABLE_FOLDER_PATH)/CBT";
				XROS_DEPLOYMENT_TARGET = 26.2;
			};
			name = Debug;
		};
		E2E55C742F58B8560055850B /* Release */ = {
			isa = XCBuildConfiguration;
			buildSettings = {
				BUNDLE_LOADER = "$(TEST_HOST)";
				CODE_SIGN_STYLE = Automatic;
				CURRENT_PROJECT_VERSION = 1;
				DEVELOPMENT_TEAM = 6W3R5F6T8X;
				GENERATE_INFOPLIST_FILE = YES;
				IPHONEOS_DEPLOYMENT_TARGET = 17.0;
				MACOSX_DEPLOYMENT_TARGET = 26.2;
				MARKETING_VERSION = 1.0;
				PRODUCT_BUNDLE_IDENTIFIER = com.melichan.CBTTests;
				PRODUCT_NAME = "$(TARGET_NAME)";
				SDKROOT = auto;
				STRING_CATALOG_GENERATE_SYMBOLS = NO;
				SUPPORTED_PLATFORMS = "iphoneos iphonesimulator macosx xros xrsimulator";
				SWIFT_APPROACHABLE_CONCURRENCY = YES;
				SWIFT_EMIT_LOC_STRINGS = NO;
				SWIFT_UPCOMING_FEATURE_MEMBER_IMPORT_VISIBILITY = YES;
				SWIFT_VERSION = 5.0;
				TARGETED_DEVICE_FAMILY = "1,2,7";
				TEST_HOST = "$(BUILT_PRODUCTS_DIR)/CBT.app/$(BUNDLE_EXECUTABLE_FOLDER_PATH)/CBT";
				XROS_DEPLOYMENT_TARGET = 26.2;
			};
			name = Release;
		};
		E2E55C762F58B8560055850B /* Debug */ = {
			isa = XCBuildConfiguration;
			buildSettings = {
				CODE_SIGN_STYLE = Automatic;
				CURRENT_PROJECT_VERSION = 1;
				DEVELOPMENT_TEAM = 6W3R5F6T8X;
				GENERATE_INFOPLIST_FILE = YES;
				IPHONEOS_DEPLOYMENT_TARGET = 17.0;
				MACOSX_DEPLOYMENT_TARGET = 26.2;
				MARKETING_VERSION = 1.0;
				PRODUCT_BUNDLE_IDENTIFIER = com.melichan.CBTUITests;
				PRODUCT_NAME = "$(TARGET_NAME)";
				SDKROOT = auto;
				STRING_CATALOG_GENERATE_SYMBOLS = NO;
				SUPPORTED_PLATFORMS = "iphoneos iphonesimulator macosx xros xrsimulator";
				SWIFT_APPROACHABLE_CONCURRENCY = YES;
				SWIFT_EMIT_LOC_STRINGS = NO;
				SWIFT_UPCOMING_FEATURE_MEMBER_IMPORT_VISIBILITY = YES;
				SWIFT_VERSION = 5.0;
				TARGETED_DEVICE_FAMILY = "1,2,7";
				TEST_TARGET_NAME = CBT;
				XROS_DEPLOYMENT_TARGET = 26.2;
			};
			name = Debug;
		};
		E2E55C772F58B8560055850B /* Release */ = {
			isa = XCBuildConfiguration;
			buildSettings = {
				CODE_SIGN_STYLE = Automatic;
				CURRENT_PROJECT_VERSION = 1;
				DEVELOPMENT_TEAM = 6W3R5F6T8X;
				GENERATE_INFOPLIST_FILE = YES;
				IPHONEOS_DEPLOYMENT_TARGET = 17.0;
				MACOSX_DEPLOYMENT_TARGET = 26.2;
				MARKETING_VERSION = 1.0;
				PRODUCT_BUNDLE_IDENTIFIER = com.melichan.CBTUITests;
				PRODUCT_NAME = "$(TARGET_NAME)";
				SDKROOT = auto;
				STRING_CATALOG_GENERATE_SYMBOLS = NO;
				SUPPORTED_PLATFORMS = "iphoneos iphonesimulator macosx xros xrsimulator";
				SWIFT_APPROACHABLE_CONCURRENCY = YES;
				SWIFT_EMIT_LOC_STRINGS = NO;
				SWIFT_UPCOMING_FEATURE_MEMBER_IMPORT_VISIBILITY = YES;
				SWIFT_VERSION = 5.0;
				TARGETED_DEVICE_FAMILY = "1,2,7";
				TEST_TARGET_NAME = CBT;
				XROS_DEPLOYMENT_TARGET = 26.2;
			};
			name = Release;
		};
/* End XCBuildConfiguration section */

/* Begin XCConfigurationList section */
		E2E55C442F58B8550055850B /* Build configuration list for PBXProject "CBT" */ = {
			isa = XCConfigurationList;
			buildConfigurations = (
				E2E55C702F58B8560055850B /* Debug */,
				E2E55C712F58B8560055850B /* Release */,
			);
			defaultConfigurationIsVisible = 0;
			defaultConfigurationName = Release;
		};
		E2E55C6D2F58B8560055850B /* Build configuration list for PBXNativeTarget "CBT" */ = {
			isa = XCConfigurationList;
			buildConfigurations = (
				E2E55C6E2F58B8560055850B /* Debug */,
				E2E55C6F2F58B8560055850B /* Release */,
			);
			defaultConfigurationIsVisible = 0;
			defaultConfigurationName = Release;
		};
		E2E55C722F58B8560055850B /* Build configuration list for PBXNativeTarget "CBTTests" */ = {
			isa = XCConfigurationList;
			buildConfigurations = (
				E2E55C732F58B8560055850B /* Debug */,
				E2E55C742F58B8560055850B /* Release */,
			);
			defaultConfigurationIsVisible = 0;
			defaultConfigurationName = Release;
		};
		E2E55C752F58B8560055850B /* Build configuration list for PBXNativeTarget "CBTUITests" */ = {
			isa = XCConfigurationList;
			buildConfigurations = (
				E2E55C762F58B8560055850B /* Debug */,
				E2E55C772F58B8560055850B /* Release */,
			);
			defaultConfigurationIsVisible = 0;
			defaultConfigurationName = Release;
		};
/* End XCConfigurationList section */
	};
	rootObject = E2E55C412F58B8550055850B /* Project object */;
}
